// !$*UTF8*$!
{
	archiveVersion = 1;
	classes = {
	};
	objectVersion = 50;
	objects = {

/* Begin PBXBuildFile section */
		672D26DE21F7AD1D004CA86C /* AppDelegate.swift in Sources */ = {isa = PBXBuildFile; fileRef = 672D26DD21F7AD1D004CA86C /* AppDelegate.swift */; };
		672D26E021F7AD1D004CA86C /* ViewController.swift in Sources */ = {isa = PBXBuildFile; fileRef = 672D26DF21F7AD1D004CA86C /* ViewController.swift */; };
		672D26E321F7AD1D004CA86C /* Main.storyboard in Resources */ = {isa = PBXBuildFile; fileRef = 672D26E121F7AD1D004CA86C /* Main.storyboard */; };
		672D26E521F7AD1F004CA86C /* Assets.xcassets in Resources */ = {isa = PBXBuildFile; fileRef = 672D26E421F7AD1F004CA86C /* Assets.xcassets */; };
		672D26E821F7AD1F004CA86C /* LaunchScreen.storyboard in Resources */ = {isa = PBXBuildFile; fileRef = 672D26E621F7AD1F004CA86C /* LaunchScreen.storyboard */; };
		672D26F321F7AD1F004CA86C /* imagePickerTests.swift in Sources */ = {isa = PBXBuildFile; fileRef = 672D26F221F7AD1F004CA86C /* imagePickerTests.swift */; };
		672D26FE21F7AD1F004CA86C /* imagePickerUITests.swift in Sources */ = {isa = PBXBuildFile; fileRef = 672D26FD21F7AD1F004CA86C /* imagePickerUITests.swift */; };
/* End PBXBuildFile section */

/* Begin PBXContainerItemProxy section */
		672D26EF21F7AD1F004CA86C /* PBXContainerItemProxy */ = {
			isa = PBXContainerItemProxy;
			containerPortal = 672D26D221F7AD1D004CA86C /* Project object */;
			proxyType = 1;
			remoteGlobalIDString = 672D26D921F7AD1D004CA86C;
			remoteInfo = imagePicker;
		};
		672D26FA21F7AD1F004CA86C /* PBXContainerItemProxy */ = {
			isa = PBXContainerItemProxy;
			containerPortal = 672D26D221F7AD1D004CA86C /* Project object */;
			proxyType = 1;
			remoteGlobalIDString = 672D26D921F7AD1D004CA86C;
			remoteInfo = imagePicker;
		};
/* End PBXContainerItemProxy section */

/* Begin PBXFileReference section */
		672D26DA21F7AD1D004CA86C /* imagePicker.app */ = {isa = PBXFileReference; explicitFileType = wrapper.application; includeInIndex = 0; path = imagePicker.app; sourceTree = BUILT_PRODUCTS_DIR; };
		672D26DD21F7AD1D004CA86C /* AppDelegate.swift */ = {isa = PBXFileReference; lastKnownFileType = sourcecode.swift; path = AppDelegate.swift; sourceTree = "<group>"; };
		672D26DF21F7AD1D004CA86C /* ViewController.swift */ = {isa = PBXFileReference; lastKnownFileType = sourcecode.swift; path = ViewController.swift; sourceTree = "<group>"; };
		672D26E221F7AD1D004CA86C /* Base */ = {isa = PBXFileReference; lastKnownFileType = file.storyboard; name = Base; path = Base.lproj/Main.storyboard; sourceTree = "<group>"; };
		672D26E421F7AD1F004CA86C /* Assets.xcassets */ = {isa = PBXFileReference; lastKnownFileType = folder.assetcatalog; path = Assets.xcassets; sourceTree = "<group>"; };
		672D26E721F7AD1F004CA86C /* Base */ = {isa = PBXFileReference; lastKnownFileType = file.storyboard; name = Base; path = Base.lproj/LaunchScreen.storyboard; sourceTree = "<group>"; };
		672D26E921F7AD1F004CA86C /* Info.plist */ = {isa = PBXFileReference; lastKnownFileType = text.plist.xml; path = Info.plist; sourceTree = "<group>"; };
		672D26EE21F7AD1F004CA86C /* imagePickerTests.xctest */ = {isa = PBXFileReference; explicitFileType = wrapper.cfbundle; includeInIndex = 0; path = imagePickerTests.xctest; sourceTree = BUILT_PRODUCTS_DIR; };
		672D26F221F7AD1F004CA86C /* imagePickerTests.swift */ = {isa = PBXFileReference; lastKnownFileType = sourcecode.swift; path = imagePickerTests.swift; sourceTree = "<group>"; };
		672D26F421F7AD1F004CA86C /* Info.plist */ = {isa = PBXFileReference; lastKnownFileType = text.plist.xml; path = Info.plist; sourceTree = "<group>"; };
		672D26F921F7AD1F004CA86C /* imagePickerUITests.xctest */ = {isa = PBXFileReference; explicitFileType = wrapper.cfbundle; includeInIndex = 0; path = imagePickerUITests.xctest; sourceTree = BUILT_PRODUCTS_DIR; };
		672D26FD21F7AD1F004CA86C /* imagePickerUITests.swift */ = {isa = PBXFileReference; lastKnownFileType = sourcecode.swift; path = imagePickerUITests.swift; sourceTree = "<group>"; };
		672D26FF21F7AD1F004CA86C /* Info.plist */ = {isa = PBXFileReference; lastKnownFileType = text.plist.xml; path = Info.plist; sourceTree = "<group>"; };
/* End PBXFileReference section */

/* Begin PBXFrameworksBuildPhase section */
		672D26D721F7AD1D004CA86C /* Frameworks */ = {
			isa = PBXFrameworksBuildPhase;
			buildActionMask = 2147483647;
			files = (
			);
			runOnlyForDeploymentPostprocessing = 0;
		};
		672D26EB21F7AD1F004CA86C /* Frameworks */ = {
			isa = PBXFrameworksBuildPhase;
			buildActionMask = 2147483647;
			files = (
			);
			runOnlyForDeploymentPostprocessing = 0;
		};
		672D26F621F7AD1F004CA86C /* Frameworks */ = {
			isa = PBXFrameworksBuildPhase;
			buildActionMask = 2147483647;
			files = (
			);
			runOnlyForDeploymentPostprocessing = 0;
		};
/* End PBXFrameworksBuildPhase section */

/* Begin PBXGroup section */
		672D26D121F7AD1D004CA86C = {
			isa = PBXGroup;
			children = (
				672D26DC21F7AD1D004CA86C /* imagePicker */,
				672D26F121F7AD1F004CA86C /* imagePickerTests */,
				672D26FC21F7AD1F004CA86C /* imagePickerUITests */,
				672D26DB21F7AD1D004CA86C /* Products */,
			);
			sourceTree = "<group>";
		};
		672D26DB21F7AD1D004CA86C /* Products */ = {
			isa = PBXGroup;
			children = (
				672D26DA21F7AD1D004CA86C /* imagePicker.app */,
				672D26EE21F7AD1F004CA86C /* imagePickerTests.xctest */,
				672D26F921F7AD1F004CA86C /* imagePickerUITests.xctest */,
			);
			name = Products;
			sourceTree = "<group>";
		};
		672D26DC21F7AD1D004CA86C /* imagePicker */ = {
			isa = PBXGroup;
			children = (
				672D26DD21F7AD1D004CA86C /* AppDelegate.swift */,
				672D26DF21F7AD1D004CA86C /* ViewController.swift */,
				672D26E121F7AD1D004CA86C /* Main.storyboard */,
				672D26E421F7AD1F004CA86C /* Assets.xcassets */,
				672D26E621F7AD1F004CA86C /* LaunchScreen.storyboard */,
				672D26E921F7AD1F004CA86C /* Info.plist */,
			);
			path = imagePicker;
			sourceTree = "<group>";
		};
		672D26F121F7AD1F004CA86C /* imagePickerTests */ = {
			isa = PBXGroup;
			children = (
				672D26F221F7AD1F004CA86C /* imagePickerTests.swift */,
				672D26F421F7AD1F004CA86C /* Info.plist */,
			);
			path = imagePickerTests;
			sourceTree = "<group>";
		};
		672D26FC21F7AD1F004CA86C /* imagePickerUITests */ = {
			isa = PBXGroup;
			children = (
				672D26FD21F7AD1F004CA86C /* imagePickerUITests.swift */,
				672D26FF21F7AD1F004CA86C /* Info.plist */,
			);
			path = imagePickerUITests;
			sourceTree = "<group>";
		};
/* End PBXGroup section */

/* Begin PBXNativeTarget section */
		672D26D921F7AD1D004CA86C /* imagePicker */ = {
			isa = PBXNativeTarget;
			buildConfigurationList = 672D270221F7AD1F004CA86C /* Build configuration list for PBXNativeTarget "imagePicker" */;
			buildPhases = (
				672D26D621F7AD1D004CA86C /* Sources */,
				672D26D721F7AD1D004CA86C /* Frameworks */,
				672D26D821F7AD1D004CA86C /* Resources */,
			);
			buildRules = (
			);
			dependencies = (
			);
			name = imagePicker;
			productName = imagePicker;
			productReference = 672D26DA21F7AD1D004CA86C /* imagePicker.app */;
			productType = "com.apple.product-type.application";
		};
		672D26ED21F7AD1F004CA86C /* imagePickerTests */ = {
			isa = PBXNativeTarget;
			buildConfigurationList = 672D270521F7AD1F004CA86C /* Build configuration list for PBXNativeTarget "imagePickerTests" */;
			buildPhases = (
				672D26EA21F7AD1F004CA86C /* Sources */,
				672D26EB21F7AD1F004CA86C /* Frameworks */,
				672D26EC21F7AD1F004CA86C /* Resources */,
			);
			buildRules = (
			);
			dependencies = (
				672D26F021F7AD1F004CA86C /* PBXTargetDependency */,
			);
			name = imagePickerTests;
			productName = imagePickerTests;
			productReference = 672D26EE21F7AD1F004CA86C /* imagePickerTests.xctest */;
			productType = "com.apple.product-type.bundle.unit-test";
		};
		672D26F821F7AD1F004CA86C /* imagePickerUITests */ = {
			isa = PBXNativeTarget;
			buildConfigurationList = 672D270821F7AD1F004CA86C /* Build configuration list for PBXNativeTarget "imagePickerUITests" */;
			buildPhases = (
				672D26F521F7AD1F004CA86C /* Sources */,
				672D26F621F7AD1F004CA86C /* Frameworks */,
				672D26F721F7AD1F004CA86C /* Resources */,
			);
			buildRules = (
			);
			dependencies = (
				672D26FB21F7AD1F004CA86C /* PBXTargetDependency */,
			);
			name = imagePickerUITests;
			productName = imagePickerUITests;
			productReference = 672D26F921F7AD1F004CA86C /* imagePickerUITests.xctest */;
			productType = "com.apple.product-type.bundle.ui-testing";
		};
/* End PBXNativeTarget section */

/* Begin PBXProject section */
		672D26D221F7AD1D004CA86C /* Project object */ = {
			isa = PBXProject;
			attributes = {
				LastSwiftUpdateCheck = 1010;
				LastUpgradeCheck = 1010;
				ORGANIZATIONNAME = JustinKnight;
				TargetAttributes = {
					672D26D921F7AD1D004CA86C = {
						CreatedOnToolsVersion = 10.1;
					};
					672D26ED21F7AD1F004CA86C = {
						CreatedOnToolsVersion = 10.1;
						TestTargetID = 672D26D921F7AD1D004CA86C;
					};
					672D26F821F7AD1F004CA86C = {
						CreatedOnToolsVersion = 10.1;
						TestTargetID = 672D26D921F7AD1D004CA86C;
					};
				};
			};
			buildConfigurationList = 672D26D521F7AD1D004CA86C /* Build configuration list for PBXProject "imagePicker" */;
			compatibilityVersion = "Xcode 9.3";
			developmentRegion = en;
			hasScannedForEncodings = 0;
			knownRegions = (
				en,
				Base,
			);
			mainGroup = 672D26D121F7AD1D004CA86C;
			productRefGroup = 672D26DB21F7AD1D004CA86C /* Products */;
			projectDirPath = "";
			projectRoot = "";
			targets = (
				672D26D921F7AD1D004CA86C /* imagePicker */,
				672D26ED21F7AD1F004CA86C /* imagePickerTests */,
				672D26F821F7AD1F004CA86C /* imagePickerUITests */,
			);
		};
/* End PBXProject section */

/* Begin PBXResourcesBuildPhase section */
		672D26D821F7AD1D004CA86C /* Resources */ = {
			isa = PBXResourcesBuildPhase;
			buildActionMask = 2147483647;
			files = (
				672D26E821F7AD1F004CA86C /* LaunchScreen.storyboard in Resources */,
				672D26E521F7AD1F004CA86C /* Assets.xcassets in Resources */,
				672D26E321F7AD1D004CA86C /* Main.storyboard in Resources */,
			);
			runOnlyForDeploymentPostprocessing = 0;
		};
		672D26EC21F7AD1F004CA86C /* Resources */ = {
			isa = PBXResourcesBuildPhase;
			buildActionMask = 2147483647;
			files = (
			);
			runOnlyForDeploymentPostprocessing = 0;
		};
		672D26F721F7AD1F004CA86C /* Resources */ = {
			isa = PBXResourcesBuildPhase;
			buildActionMask = 2147483647;
			files = (
			);
			runOnlyForDeploymentPostprocessing = 0;
		};
/* End PBXResourcesBuildPhase section */

/* Begin PBXSourcesBuildPhase section */
		672D26D621F7AD1D004CA86C /* Sources */ = {
			isa = PBXSourcesBuildPhase;
			buildActionMask = 2147483647;
			files = (
				672D26E021F7AD1D004CA86C /* ViewController.swift in Sources */,
				672D26DE21F7AD1D004CA86C /* AppDelegate.swift in Sources */,
			);
			runOnlyForDeploymentPostprocessing = 0;
		};
		672D26EA21F7AD1F004CA86C /* Sources */ = {
			isa = PBXSourcesBuildPhase;
			buildActionMask = 2147483647;
			files = (
				672D26F321F7AD1F004CA86C /* imagePickerTests.swift in Sources */,
			);
			runOnlyForDeploymentPostprocessing = 0;
		};
		672D26F521F7AD1F004CA86C /* Sources */ = {
			isa = PBXSourcesBuildPhase;
			buildActionMask = 2147483647;
			files = (
				672D26FE21F7AD1F004CA86C /* imagePickerUITests.swift in Sources */,
			);
			runOnlyForDeploymentPostprocessing = 0;
		};
/* End PBXSourcesBuildPhase section */

/* Begin PBXTargetDependency section */
		672D26F021F7AD1F004CA86C /* PBXTargetDependency */ = {
			isa = PBXTargetDependency;
			target = 672D26D921F7AD1D004CA86C /* imagePicker */;
			targetProxy = 672D26EF21F7AD1F004CA86C /* PBXContainerItemProxy */;
		};
		672D26FB21F7AD1F004CA86C /* PBXTargetDependency */ = {
			isa = PBXTargetDependency;
			target = 672D26D921F7AD1D004CA86C /* imagePicker */;
			targetProxy = 672D26FA21F7AD1F004CA86C /* PBXContainerItemProxy */;
		};
/* End PBXTargetDependency section */

/* Begin PBXVariantGroup section */
		672D26E121F7AD1D004CA86C /* Main.storyboard */ = {
			isa = PBXVariantGroup;
			children = (
				672D26E221F7AD1D004CA86C /* Base */,
			);
			name = Main.storyboard;
			sourceTree = "<group>";
		};
		672D26E621F7AD1F004CA86C /* LaunchScreen.storyboard */ = {
			isa = PBXVariantGroup;
			children = (
				672D26E721F7AD1F004CA86C /* Base */,
			);
			name = LaunchScreen.storyboard;
			sourceTree = "<group>";
		};
/* End PBXVariantGroup section */

/* Begin XCBuildConfiguration section */
		672D270021F7AD1F004CA86C /* Debug */ = {
			isa = XCBuildConfiguration;
			buildSettings = {
				ALWAYS_SEARCH_USER_PATHS = NO;
				CLANG_ANALYZER_NONNULL = YES;
				CLANG_ANALYZER_NUMBER_OBJECT_CONVERSION = YES_AGGRESSIVE;
				CLANG_CXX_LANGUAGE_STANDARD = "gnu++14";
				CLANG_CXX_LIBRARY = "libc++";
				CLANG_ENABLE_MODULES = YES;
				CLANG_ENABLE_OBJC_ARC = YES;
				CLANG_ENABLE_OBJC_WEAK = YES;
				CLANG_WARN_BLOCK_CAPTURE_AUTORELEASING = YES;
				CLANG_WARN_BOOL_CONVERSION = YES;
				CLANG_WARN_COMMA = YES;
				CLANG_WARN_CONSTANT_CONVERSION = YES;
				CLANG_WARN_DEPRECATED_OBJC_IMPLEMENTATIONS = YES;
				CLANG_WARN_DIRECT_OBJC_ISA_USAGE = YES_ERROR;
				CLANG_WARN_DOCUMENTATION_COMMENTS = YES;
				CLANG_WARN_EMPTY_BODY = YES;
				CLANG_WARN_ENUM_CONVERSION = YES;
				CLANG_WARN_INFINITE_RECURSION = YES;
				CLANG_WARN_INT_CONVERSION = YES;
				CLANG_WARN_NON_LITERAL_NULL_CONVERSION = YES;
				CLANG_WARN_OBJC_IMPLICIT_RETAIN_SELF = YES;
				CLANG_WARN_OBJC_LITERAL_CONVERSION = YES;
				CLANG_WARN_OBJC_ROOT_CLASS = YES_ERROR;
				CLANG_WARN_RANGE_LOOP_ANALYSIS = YES;
				CLANG_WARN_STRICT_PROTOTYPES = YES;
				CLANG_WARN_SUSPICIOUS_MOVE = YES;
				CLANG_WARN_UNGUARDED_AVAILABILITY = YES_AGGRESSIVE;
				CLANG_WARN_UNREACHABLE_CODE = YES;
				CLANG_WARN__DUPLICATE_METHOD_MATCH = YES;
				CODE_SIGN_IDENTITY = "iPhone Developer";
				COPY_PHASE_STRIP = NO;
				DEBUG_INFORMATION_FORMAT = dwarf;
				ENABLE_STRICT_OBJC_MSGSEND = YES;
				ENABLE_TESTABILITY = YES;
				GCC_C_LANGUAGE_STANDARD = gnu11;
				GCC_DYNAMIC_NO_PIC = NO;
				GCC_NO_COMMON_BLOCKS = YES;
				GCC_OPTIMIZATION_LEVEL = 0;
				GCC_PREPROCESSOR_DEFINITIONS = (
					"DEBUG=1",
					"$(inherited)",
				);
				GCC_WARN_64_TO_32_BIT_CONVERSION = YES;
				GCC_WARN_ABOUT_RETURN_TYPE = YES_ERROR;
				GCC_WARN_UNDECLARED_SELECTOR = YES;
				GCC_WARN_UNINITIALIZED_AUTOS = YES_AGGRESSIVE;
				GCC_WARN_UNUSED_FUNCTION = YES;
				GCC_WARN_UNUSED_VARIABLE = YES;
				IPHONEOS_DEPLOYMENT_TARGET = 12.1;
				MTL_ENABLE_DEBUG_INFO = INCLUDE_SOURCE;
				MTL_FAST_MATH = YES;
				ONLY_ACTIVE_ARCH = YES;
				SDKROOT = iphoneos;
				SWIFT_ACTIVE_COMPILATION_CONDITIONS = DEBUG;
				SWIFT_OPTIMIZATION_LEVEL = "-Onone";
			};
			name = Debug;
		};
		672D270121F7AD1F004CA86C /* Release */ = {
			isa = XCBuildConfiguration;
			buildSettings = {
				ALWAYS_SEARCH_USER_PATHS = NO;
				CLANG_ANALYZER_NONNULL = YES;
				CLANG_ANALYZER_NUMBER_OBJECT_CONVERSION = YES_AGGRESSIVE;
				CLANG_CXX_LANGUAGE_STANDARD = "gnu++14";
				CLANG_CXX_LIBRARY = "libc++";
				CLANG_ENABLE_MODULES = YES;
				CLANG_ENABLE_OBJC_ARC = YES;
				CLANG_ENABLE_OBJC_WEAK = YES;
				CLANG_WARN_BLOCK_CAPTURE_AUTORELEASING = YES;
				CLANG_WARN_BOOL_CONVERSION = YES;
				CLANG_WARN_COMMA = YES;
				CLANG_WARN_CONSTANT_CONVERSION = YES;
				CLANG_WARN_DEPRECATED_OBJC_IMPLEMENTATIONS = YES;
				CLANG_WARN_DIRECT_OBJC_ISA_USAGE = YES_ERROR;
				CLANG_WARN_DOCUMENTATION_COMMENTS = YES;
				CLANG_WARN_EMPTY_BODY = YES;
				CLANG_WARN_ENUM_CONVERSION = YES;
				CLANG_WARN_INFINITE_RECURSION = YES;
				CLANG_WARN_INT_CONVERSION = YES;
				CLANG_WARN_NON_LITERAL_NULL_CONVERSION = YES;
				CLANG_WARN_OBJC_IMPLICIT_RETAIN_SELF = YES;
				CLANG_WARN_OBJC_LITERAL_CONVERSION = YES;
				CLANG_WARN_OBJC_ROOT_CLASS = YES_ERROR;
				CLANG_WARN_RANGE_LOOP_ANALYSIS = YES;
				CLANG_WARN_STRICT_PROTOTYPES = YES;
				CLANG_WARN_SUSPICIOUS_MOVE = YES;
				CLANG_WARN_UNGUARDED_AVAILABILITY = YES_AGGRESSIVE;
				CLANG_WARN_UNREACHABLE_CODE = YES;
				CLANG_WARN__DUPLICATE_METHOD_MATCH = YES;
				CODE_SIGN_IDENTITY = "iPhone Developer";
				COPY_PHASE_STRIP = NO;
				DEBUG_INFORMATION_FORMAT = "dwarf-with-dsym";
				ENABLE_NS_ASSERTIONS = NO;
				ENABLE_STRICT_OBJC_MSGSEND = YES;
				GCC_C_LANGUAGE_STANDARD = gnu11;
				GCC_NO_COMMON_BLOCKS = YES;
				GCC_WARN_64_TO_32_BIT_CONVERSION = YES;
				GCC_WARN_ABOUT_RETURN_TYPE = YES_ERROR;
				GCC_WARN_UNDECLARED_SELECTOR = YES;
				GCC_WARN_UNINITIALIZED_AUTOS = YES_AGGRESSIVE;
				GCC_WARN_UNUSED_FUNCTION = YES;
				GCC_WARN_UNUSED_VARIABLE = YES;
				IPHONEOS_DEPLOYMENT_TARGET = 12.1;
				MTL_ENABLE_DEBUG_INFO = NO;
				MTL_FAST_MATH = YES;
				SDKROOT = iphoneos;
				SWIFT_COMPILATION_MODE = wholemodule;
				SWIFT_OPTIMIZATION_LEVEL = "-O";
				VALIDATE_PRODUCT = YES;
			};
			name = Release;
		};
		672D270321F7AD1F004CA86C /* Debug */ = {
			isa = XCBuildConfiguration;
			buildSettings = {
				ASSETCATALOG_COMPILER_APPICON_NAME = AppIcon;
				CODE_SIGN_STYLE = Automatic;
				INFOPLIST_FILE = imagePicker/Info.plist;
				LD_RUNPATH_SEARCH_PATHS = (
					"$(inherited)",
					"@executable_path/Frameworks",
				);
				PRODUCT_BUNDLE_IDENTIFIER = com.JustinKnight.imagePicker;
				PRODUCT_NAME = "$(TARGET_NAME)";
				SWIFT_VERSION = 4.2;
				TARGETED_DEVICE_FAMILY = "1,2";
			};
			name = Debug;
		};
		672D270421F7AD1F004CA86C /* Release */ = {
			isa = XCBuildConfiguration;
			buildSettings = {
				ASSETCATALOG_COMPILER_APPICON_NAME = AppIcon;
				CODE_SIGN_STYLE = Automatic;
				INFOPLIST_FILE = imagePicker/Info.plist;
				LD_RUNPATH_SEARCH_PATHS = (
					"$(inherited)",
					"@executable_path/Frameworks",
				);
				PRODUCT_BUNDLE_IDENTIFIER = com.JustinKnight.imagePicker;
				PRODUCT_NAME = "$(TARGET_NAME)";
				SWIFT_VERSION = 4.2;
				TARGETED_DEVICE_FAMILY = "1,2";
			};
			name = Release;
		};
		672D270621F7AD1F004CA86C /* Debug */ = {
			isa = XCBuildConfiguration;
			buildSettings = {
				ALWAYS_EMBED_SWIFT_STANDARD_LIBRARIES = YES;
				BUNDLE_LOADER = "$(TEST_HOST)";
				CODE_SIGN_STYLE = Automatic;
				INFOPLIST_FILE = imagePickerTests/Info.plist;
				LD_RUNPATH_SEARCH_PATHS = (
					"$(inherited)",
					"@executable_path/Frameworks",
					"@loader_path/Frameworks",
				);
				PRODUCT_BUNDLE_IDENTIFIER = com.JustinKnight.imagePickerTests;
				PRODUCT_NAME = "$(TARGET_NAME)";
				SWIFT_VERSION = 4.2;
				TARGETED_DEVICE_FAMILY = "1,2";
				TEST_HOST = "$(BUILT_PRODUCTS_DIR)/imagePicker.app/imagePicker";
			};
			name = Debug;
		};
		672D270721F7AD1F004CA86C /* Release */ = {
			isa = XCBuildConfiguration;
			buildSettings = {
				ALWAYS_EMBED_SWIFT_STANDARD_LIBRARIES = YES;
				BUNDLE_LOADER = "$(TEST_HOST)";
				CODE_SIGN_STYLE = Automatic;
				INFOPLIST_FILE = imagePickerTests/Info.plist;
				LD_RUNPATH_SEARCH_PATHS = (
					"$(inherited)",
					"@executable_path/Frameworks",
					"@loader_path/Frameworks",
				);
				PRODUCT_BUNDLE_IDENTIFIER = com.JustinKnight.imagePickerTests;
				PRODUCT_NAME = "$(TARGET_NAME)";
				SWIFT_VERSION = 4.2;
				TARGETED_DEVICE_FAMILY = "1,2";
				TEST_HOST = "$(BUILT_PRODUCTS_DIR)/imagePicker.app/imagePicker";
			};
			name = Release;
		};
		672D270921F7AD1F004CA86C /* Debug */ = {
			isa = XCBuildConfiguration;
			buildSettings = {
				ALWAYS_EMBED_SWIFT_STANDARD_LIBRARIES = YES;
				CODE_SIGN_STYLE = Automatic;
				INFOPLIST_FILE = imagePickerUITests/Info.plist;
				LD_RUNPATH_SEARCH_PATHS = (
					"$(inherited)",
					"@executable_path/Frameworks",
					"@loader_path/Frameworks",
				);
				PRODUCT_BUNDLE_IDENTIFIER = com.JustinKnight.imagePickerUITests;
				PRODUCT_NAME = "$(TARGET_NAME)";
				SWIFT_VERSION = 4.2;
				TARGETED_DEVICE_FAMILY = "1,2";
				TEST_TARGET_NAME = imagePicker;
			};
			name = Debug;
		};
		672D270A21F7AD1F004CA86C /* Release */ = {
			isa = XCBuildConfiguration;
			buildSettings = {
				ALWAYS_EMBED_SWIFT_STANDARD_LIBRARIES = YES;
				CODE_SIGN_STYLE = Automatic;
				INFOPLIST_FILE = imagePickerUITests/Info.plist;
				LD_RUNPATH_SEARCH_PATHS = (
					"$(inherited)",
					"@executable_path/Frameworks",
					"@loader_path/Frameworks",
				);
				PRODUCT_BUNDLE_IDENTIFIER = com.JustinKnight.imagePickerUITests;
				PRODUCT_NAME = "$(TARGET_NAME)";
				SWIFT_VERSION = 4.2;
				TARGETED_DEVICE_FAMILY = "1,2";
				TEST_TARGET_NAME = imagePicker;
			};
			name = Release;
		};
/* End XCBuildConfiguration section */

/* Begin XCConfigurationList section */
		672D26D521F7AD1D004CA86C /* Build configuration list for PBXProject "imagePicker" */ = {
			isa = XCConfigurationList;
			buildConfigurations = (
				672D270021F7AD1F004CA86C /* Debug */,
				672D270121F7AD1F004CA86C /* Release */,
			);
			defaultConfigurationIsVisible = 0;
			defaultConfigurationName = Release;
		};
		672D270221F7AD1F004CA86C /* Build configuration list for PBXNativeTarget "imagePicker" */ = {
			isa = XCConfigurationList;
			buildConfigurations = (
				672D270321F7AD1F004CA86C /* Debug */,
				672D270421F7AD1F004CA86C /* Release */,
			);
			defaultConfigurationIsVisible = 0;
			defaultConfigurationName = Release;
		};
		672D270521F7AD1F004CA86C /* Build configuration list for PBXNativeTarget "imagePickerTests" */ = {
			isa = XCConfigurationList;
			buildConfigurations = (
				672D270621F7AD1F004CA86C /* Debug */,
				672D270721F7AD1F004CA86C /* Release */,
			);
			defaultConfigurationIsVisible = 0;
			defaultConfigurationName = Release;
		};
		672D270821F7AD1F004CA86C /* Build configuration list for PBXNativeTarget "imagePickerUITests" */ = {
			isa = XCConfigurationList;
			buildConfigurations = (
				672D270921F7AD1F004CA86C /* Debug */,
				672D270A21F7AD1F004CA86C /* Release */,
			);
			defaultConfigurationIsVisible = 0;
			defaultConfigurationName = Release;
		};
/* End XCConfigurationList section */
	};
	rootObject = 672D26D221F7AD1D004CA86C /* Project object */;
}
